
Microsoft Visual Studio Solution File, Format Version 12.00
# Visual Studio Version 16
VisualStudioVersion = 16.0.29709.97
MinimumVisualStudioVersion = 10.0.40219.1
Project("{9A19103F-16F7-4668-BE54-9A1E7A4F7556}") = "TechnicalTestWeb", "TechnicalTestWeb\TechnicalTestWeb.csproj", "{295659A6-ECFA-4518-9A87-EE838B6E45FD}"
EndProject
Project("{FAE04EC0-301F-11D3-BF4B-00C04F79EFBC}") = "ApiAccess", "ApiAccess\ApiAccess.csproj", "{C633675A-23A6-4F3E-A843-5FEF1D518D72}"
EndProject
Project("{FAE04EC0-301F-11D3-BF4B-00C04F79EFBC}") = "ApiAccessInterfaces", "ApiAccessInterfaces\ApiAccessInterfaces.csproj", "{3ECC0707-A82C-4AC2-AC6B-E54E593CE3F2}"
EndProject
Project("{FAE04EC0-301F-11D3-BF4B-00C04F79EFBC}") = "ApiAccessFactory", "ApiAccessFactory\ApiAccessFactory.csproj", "{43F40AA3-CA9F-4631-87DE-F54642D6D691}"
EndProject
Global
	GlobalSection(SolutionConfigurationPlatforms) = preSolution
		Debug|Any CPU = Debug|Any CPU
		Release|Any CPU = Release|Any CPU
	EndGlobalSection
	GlobalSection(ProjectConfigurationPlatforms) = postSolution
		{295659A6-ECFA-4518-9A87-EE838B6E45FD}.Debug|Any CPU.ActiveCfg = Debug|Any CPU
		{295659A6-ECFA-4518-9A87-EE838B6E45FD}.Debug|Any CPU.Build.0 = Debug|Any CPU
		{295659A6-ECFA-4518-9A87-EE838B6E45FD}.Release|Any CPU.ActiveCfg = Release|Any CPU
		{295659A6-ECFA-4518-9A87-EE838B6E45FD}.Release|Any CPU.Build.0 = Release|Any CPU
		{C633675A-23A6-4F3E-A843-5FEF1D518D72}.Debug|Any CPU.ActiveCfg = Debug|Any CPU
		{C633675A-23A6-4F3E-A843-5FEF1D518D72}.Debug|Any CPU.Build.0 = Debug|Any CPU
		{C633675A-23A6-4F3E-A843-5FEF1D518D72}.Release|Any CPU.ActiveCfg = Release|Any CPU
		{C633675A-23A6-4F3E-A843-5FEF1D518D72}.Release|Any CPU.Build.0 = Release|Any CPU
		{3ECC0707-A82C-4AC2-AC6B-E54E593CE3F2}.Debug|Any CPU.ActiveCfg = Debug|Any CPU
		{3ECC0707-A82C-4AC2-AC6B-E54E593CE3F2}.Debug|Any CPU.Build.0 = Debug|Any CPU
		{3ECC0707-A82C-4AC2-AC6B-E54E593CE3F2}.Release|Any CPU.ActiveCfg = Release|Any CPU
		{3ECC0707-A82C-4AC2-AC6B-E54E593CE3F2}.Release|Any CPU.Build.0 = Release|Any CPU
		{43F40AA3-CA9F-4631-87DE-F54642D6D691}.Debug|Any CPU.ActiveCfg = Debug|Any CPU
		{43F40AA3-CA9F-4631-87DE-F54642D6D691}.Debug|Any CPU.Build.0 = Debug|Any CPU
		{43F40AA3-CA9F-4631-87DE-F54642D6D691}.Release|Any CPU.ActiveCfg = Release|Any CPU
		{43F40AA3-CA9F-4631-87DE-F54642D6D691}.Release|Any CPU.Build.0 = Release|Any CPU
	EndGlobalSection
	GlobalSection(SolutionProperties) = preSolution
		HideSolutionNode = FALSE
	EndGlobalSection
	GlobalSection(ExtensibilityGlobals) = postSolution
		SolutionGuid = {5742668B-4849-496C-9B16-2960A325766D}
	EndGlobalSection
EndGlobal
